
Microsoft Visual Studio Solution File, Format Version 12.00
# Visual Studio Version 16
VisualStudioVersion = 16.0.29102.190
MinimumVisualStudioVersion = 10.0.40219.1
Project("{FAE04EC0-301F-11D3-BF4B-00C04F79EFBC}") = "organizer", "organizer\organizer.csproj", "{4BD491BF-70BB-44A9-8F60-03E8C22C2EF6}"
EndProject
Global
	GlobalSection(SolutionConfigurationPlatforms) = preSolution
		Debug|Any CPU = Debug|Any CPU
		Release|Any CPU = Release|Any CPU
	EndGlobalSection
	GlobalSection(ProjectConfigurationPlatforms) = postSolution
		{4BD491BF-70BB-44A9-8F60-03E8C22C2EF6}.Debug|Any CPU.ActiveCfg = Debug|Any CPU
		{4BD491BF-70BB-44A9-8F60-03E8C22C2EF6}.Debug|Any CPU.Build.0 = Debug|Any CPU
		{4BD491BF-70BB-44A9-8F60-03E8C22C2EF6}.Release|Any CPU.ActiveCfg = Release|Any CPU
		{4BD491BF-70BB-44A9-8F60-03E8C22C2EF6}.Release|Any CPU.Build.0 = Release|Any CPU
	EndGlobalSection
	GlobalSection(SolutionProperties) = preSolution
		HideSolutionNode = FALSE
	EndGlobalSection
	GlobalSection(ExtensibilityGlobals) = postSolution
		SolutionGuid = {73827FA1-1B48-4694-9A49-8C5703E99F37}
	EndGlobalSection
EndGlobal
